
Microsoft Visual Studio Solution File, Format Version 12.00
# Visual Studio Version 17
VisualStudioVersion = 17.14.36414.22 d17.14
MinimumVisualStudioVersion = 10.0.40219.1
Project("{FAE04EC0-301F-11D3-BF4B-00C04F79EFBC}") = "PortfolioSource", "PortfolioSource.csproj", "{17904337-C218-4ABD-876F-135D3F4AF2C9}"
EndProject
Global
	GlobalSection(SolutionConfigurationPlatforms) = preSolution
		Debug|Any CPU = Debug|Any CPU
		Release|Any CPU = Release|Any CPU
	EndGlobalSection
	GlobalSection(ProjectConfigurationPlatforms) = postSolution
		{17904337-C218-4ABD-876F-135D3F4AF2C9}.Debug|Any CPU.ActiveCfg = Debug|Any CPU
		{17904337-C218-4ABD-876F-135D3F4AF2C9}.Debug|Any CPU.Build.0 = Debug|Any CPU
		{17904337-C218-4ABD-876F-135D3F4AF2C9}.Release|Any CPU.ActiveCfg = Release|Any CPU
		{17904337-C218-4ABD-876F-135D3F4AF2C9}.Release|Any CPU.Build.0 = Release|Any CPU
	EndGlobalSection
	GlobalSection(SolutionProperties) = preSolution
		HideSolutionNode = FALSE
	EndGlobalSection
	GlobalSection(ExtensibilityGlobals) = postSolution
		SolutionGuid = {CD7B2DEB-E423-4B89-9290-64708E351819}
	EndGlobalSection
EndGlobal
