
Microsoft Visual Studio Solution File, Format Version 12.00
# Visual Studio Version 17
VisualStudioVersion = 17.14.36310.24 d17.14
MinimumVisualStudioVersion = 10.0.40219.1
Project("{54A90642-561A-4BB1-A94E-469ADEE60C69}") = "portfoliosource.client", "portfoliosource.client\portfoliosource.client.esproj", "{0A88DDE7-420C-1633-6FEA-2B0D922DF692}"
EndProject
Project("{FAE04EC0-301F-11D3-BF4B-00C04F79EFBC}") = "PortfolioSource.Server", "PortfolioSource.Server\PortfolioSource.Server.csproj", "{A5839FFD-D1DA-4574-B1A7-57603FA7443C}"
EndProject
Global
	GlobalSection(SolutionConfigurationPlatforms) = preSolution
		Debug|Any CPU = Debug|Any CPU
		Release|Any CPU = Release|Any CPU
	EndGlobalSection
	GlobalSection(ProjectConfigurationPlatforms) = postSolution
		{0A88DDE7-420C-1633-6FEA-2B0D922DF692}.Debug|Any CPU.ActiveCfg = Debug|Any CPU
		{0A88DDE7-420C-1633-6FEA-2B0D922DF692}.Debug|Any CPU.Build.0 = Debug|Any CPU
		{0A88DDE7-420C-1633-6FEA-2B0D922DF692}.Debug|Any CPU.Deploy.0 = Debug|Any CPU
		{0A88DDE7-420C-1633-6FEA-2B0D922DF692}.Release|Any CPU.ActiveCfg = Release|Any CPU
		{0A88DDE7-420C-1633-6FEA-2B0D922DF692}.Release|Any CPU.Build.0 = Release|Any CPU
		{0A88DDE7-420C-1633-6FEA-2B0D922DF692}.Release|Any CPU.Deploy.0 = Release|Any CPU
		{A5839FFD-D1DA-4574-B1A7-57603FA7443C}.Debug|Any CPU.ActiveCfg = Debug|Any CPU
		{A5839FFD-D1DA-4574-B1A7-57603FA7443C}.Debug|Any CPU.Build.0 = Debug|Any CPU
		{A5839FFD-D1DA-4574-B1A7-57603FA7443C}.Release|Any CPU.ActiveCfg = Release|Any CPU
		{A5839FFD-D1DA-4574-B1A7-57603FA7443C}.Release|Any CPU.Build.0 = Release|Any CPU
	EndGlobalSection
	GlobalSection(SolutionProperties) = preSolution
		HideSolutionNode = FALSE
	EndGlobalSection
	GlobalSection(ExtensibilityGlobals) = postSolution
		SolutionGuid = {8AEF2368-848F-40FD-B045-52CB8BEB6823}
	EndGlobalSection
EndGlobal
